{
  "lockfile_version": "1",
  "packages": {
    "bat@latest": {
      "last_modified": "2023-09-17T10:54:49Z",
      "resolved": "github:NixOS/nixpkgs/5148520bfab61f99fd25fb9ff7bfbb50dad3c9db#bat",
      "source": "devbox-search",
      "version": "0.23.0"
    },
    "bottom@latest": {
      "last_modified": "2023-09-17T10:54:49Z",
      "resolved": "github:NixOS/nixpkgs/5148520bfab61f99fd25fb9ff7bfbb50dad3c9db#bottom",
      "source": "devbox-search",
      "version": "0.9.6"
    },
    "btop@latest": {
      "last_modified": "2023-09-27T18:02:17Z",
      "resolved": "github:NixOS/nixpkgs/517501bcf14ae6ec47efd6a17dda0ca8e6d866f9#btop",
      "source": "devbox-search",
      "version": "1.2.13"
    },
    "curl@latest": {
      "last_modified": "2023-09-17T10:54:49Z",
      "resolved": "github:NixOS/nixpkgs/5148520bfab61f99fd25fb9ff7bfbb50dad3c9db#curl",
      "source": "devbox-search",
      "version": "8.2.1"
    },
    "direnv@latest": {
      "last_modified": "2023-09-17T10:54:49Z",
      "resolved": "github:NixOS/nixpkgs/5148520bfab61f99fd25fb9ff7bfbb50dad3c9db#direnv",
      "source": "devbox-search",
      "version": "2.32.3"
    },
    "fd@latest": {
      "last_modified": "2023-09-17T10:54:49Z",
      "resolved": "github:NixOS/nixpkgs/5148520bfab61f99fd25fb9ff7bfbb50dad3c9db#fd",
      "source": "devbox-search",
      "version": "8.7.0"
    },
    "fortune@latest": {
      "last_modified": "2023-09-17T10:54:49Z",
      "resolved": "github:NixOS/nixpkgs/5148520bfab61f99fd25fb9ff7bfbb50dad3c9db#fortune",
      "source": "devbox-search",
      "version": "3.20.0"
    },
    "fzf@latest": {
      "last_modified": "2023-09-17T10:54:49Z",
      "resolved": "github:NixOS/nixpkgs/5148520bfab61f99fd25fb9ff7bfbb50dad3c9db#fzf",
      "source": "devbox-search",
      "version": "0.42.0"
    },
    "git@latest": {
      "last_modified": "2023-09-17T10:54:49Z",
      "resolved": "github:NixOS/nixpkgs/5148520bfab61f99fd25fb9ff7bfbb50dad3c9db#git",
      "source": "devbox-search",
      "version": "2.42.0"
    },
    "goku@latest": {
      "last_modified": "2023-09-27T18:02:17Z",
      "resolved": "github:NixOS/nixpkgs/517501bcf14ae6ec47efd6a17dda0ca8e6d866f9#goku",
      "source": "devbox-search",
      "version": "0.6.0"
    },
    "htop@latest": {
      "last_modified": "2023-09-17T10:54:49Z",
      "resolved": "github:NixOS/nixpkgs/5148520bfab61f99fd25fb9ff7bfbb50dad3c9db#htop",
      "source": "devbox-search",
      "version": "3.2.2"
    },
    "jq@latest": {
      "last_modified": "2023-12-25T10:13:25Z",
      "resolved": "github:NixOS/nixpkgs/e1fa12d4f6c6fe19ccb59cac54b5b3f25e160870#jq",
      "source": "devbox-search",
      "version": "1.7"
    },
    "lazygit": {
      "resolved": "github:NixOS/nixpkgs/f80ac848e3d6f0c12c52758c0f25c10c97ca3b62#lazygit",
      "source": "nixpkg"
    },
    "libiconv@latest": {
      "last_modified": "2023-09-17T10:54:49Z",
      "resolved": "github:NixOS/nixpkgs/5148520bfab61f99fd25fb9ff7bfbb50dad3c9db#libiconv",
      "source": "devbox-search",
      "version": "50"
    },
    "mkcert@latest": {
      "last_modified": "2023-09-17T10:54:49Z",
      "resolved": "github:NixOS/nixpkgs/5148520bfab61f99fd25fb9ff7bfbb50dad3c9db#mkcert",
      "source": "devbox-search",
      "version": "1.4.4"
    },
    "nnn@latest": {
      "last_modified": "2024-01-14T03:55:27Z",
      "resolved": "github:NixOS/nixpkgs/dd5621df6dcb90122b50da5ec31c411a0de3e538#nnn",
      "source": "devbox-search",
      "version": "4.9",
      "systems": {
        "aarch64-darwin": {
          "store_path": "/nix/store/nn4axglngqz2wpr9rn9mkbdblfdm831i-nnn-4.9"
        },
        "aarch64-linux": {
          "store_path": "/nix/store/49ll951w648fafx88h0n7bxf2mwifr13-nnn-4.9"
        },
        "x86_64-darwin": {
          "store_path": "/nix/store/a145i6kjyvvz3zjf2hb512j1vc590igg-nnn-4.9"
        },
        "x86_64-linux": {
          "store_path": "/nix/store/prai5aq98hhrlhagvrwp4hkfp3s0qv2r-nnn-4.9"
        }
      }
    },
    "prettierd@latest": {
      "last_modified": "2023-12-13T22:54:10Z",
      "resolved": "github:NixOS/nixpkgs/fd04bea4cbf76f86f244b9e2549fca066db8ddff#prettierd",
      "source": "devbox-search",
      "version": "0.25.1"
    },
    "pstree": {
      "resolved": "github:NixOS/nixpkgs/f80ac848e3d6f0c12c52758c0f25c10c97ca3b62#pstree",
      "source": "nixpkg"
    },
    "ripgrep@latest": {
      "last_modified": "2023-09-17T10:54:49Z",
      "resolved": "github:NixOS/nixpkgs/5148520bfab61f99fd25fb9ff7bfbb50dad3c9db#ripgrep",
      "source": "devbox-search",
      "version": "13.0.0"
    },
    "skim@latest": {
      "last_modified": "2023-09-17T10:54:49Z",
      "resolved": "github:NixOS/nixpkgs/5148520bfab61f99fd25fb9ff7bfbb50dad3c9db#skim",
      "source": "devbox-search",
      "version": "0.10.4"
    },
    "spicetify-cli@latest": {
      "last_modified": "2024-02-05T02:15:44Z",
      "resolved": "github:NixOS/nixpkgs/0a254180b4cad6be45aa46dce896bdb8db5d2930#spicetify-cli",
      "source": "devbox-search",
      "version": "2.31.0",
      "systems": {
        "aarch64-darwin": {
          "store_path": "/nix/store/nx6kx68akm51na2ib1zag8mqfcqg381d-spicetify-cli-2.31.0"
        },
        "aarch64-linux": {
          "store_path": "/nix/store/npdih4y4a53asg744xxagyh61avnrvh4-spicetify-cli-2.31.0"
        },
        "x86_64-darwin": {
          "store_path": "/nix/store/2v3qhsvx0palccxc0401b99sq359y4d6-spicetify-cli-2.31.0"
        },
        "x86_64-linux": {
          "store_path": "/nix/store/3s355nvv9135zdk7v2gk0mz73ayflxxh-spicetify-cli-2.31.0"
        }
      }
    },
    "starship@latest": {
      "last_modified": "2022-04-16T03:10:56Z",
      "resolved": "github:NixOS/nixpkgs/3e2429381044368549efe4d91d482341db5e59f7#starship",
      "source": "devbox-search",
      "version": "2022-04-12"
    },
    "tree-sitter@latest": {
      "last_modified": "2023-09-17T10:54:49Z",
      "resolved": "github:NixOS/nixpkgs/5148520bfab61f99fd25fb9ff7bfbb50dad3c9db#tree-sitter",
      "source": "devbox-search",
      "version": "0.20.8"
    },
    "tree@latest": {
      "last_modified": "2023-09-17T10:54:49Z",
      "resolved": "github:NixOS/nixpkgs/5148520bfab61f99fd25fb9ff7bfbb50dad3c9db#tree",
      "source": "devbox-search",
      "version": "2.1.1"
    },
    "watchexec@latest": {
      "last_modified": "2023-09-27T18:02:17Z",
      "resolved": "github:NixOS/nixpkgs/517501bcf14ae6ec47efd6a17dda0ca8e6d866f9#watchexec",
      "source": "devbox-search",
      "version": "1.22.2"
    },
    "watchman@latest": {
      "last_modified": "2023-09-17T10:54:49Z",
      "resolved": "github:NixOS/nixpkgs/5148520bfab61f99fd25fb9ff7bfbb50dad3c9db#watchman",
      "source": "devbox-search",
      "version": "2023.08.14.00"
    },
    "wget@latest": {
      "last_modified": "2023-09-17T10:54:49Z",
      "resolved": "github:NixOS/nixpkgs/5148520bfab61f99fd25fb9ff7bfbb50dad3c9db#wget",
      "source": "devbox-search",
      "version": "1.21.4"
    },
    "yamlfmt@latest": {
      "last_modified": "2023-12-13T22:54:10Z",
      "resolved": "github:NixOS/nixpkgs/fd04bea4cbf76f86f244b9e2549fca066db8ddff#yamlfmt",
      "source": "devbox-search",
      "version": "0.10.0"
    },
    "zellij@latest": {
      "last_modified": "2023-09-17T10:54:49Z",
      "resolved": "github:NixOS/nixpkgs/5148520bfab61f99fd25fb9ff7bfbb50dad3c9db#zellij",
      "source": "devbox-search",
      "version": "0.38.2"
    },
    "zsh-autosuggestions@latest": {
      "last_modified": "2023-09-17T10:54:49Z",
      "resolved": "github:NixOS/nixpkgs/5148520bfab61f99fd25fb9ff7bfbb50dad3c9db#zsh-autosuggestions",
      "source": "devbox-search",
      "version": "0.7.0"
    },
    "zsh-completions@latest": {
      "last_modified": "2023-09-17T10:54:49Z",
      "resolved": "github:NixOS/nixpkgs/5148520bfab61f99fd25fb9ff7bfbb50dad3c9db#zsh-completions",
      "source": "devbox-search",
      "version": "0.35.0"
    },
    "zsh@latest": {
      "last_modified": "2023-09-17T10:54:49Z",
      "resolved": "github:NixOS/nixpkgs/5148520bfab61f99fd25fb9ff7bfbb50dad3c9db#zsh",
      "source": "devbox-search",
      "version": "5.9"
    }
  }
}
